
Microsoft Visual Studio Solution File, Format Version 12.00
# Visual Studio Version 16
VisualStudioVersion = 16.0.31205.134
MinimumVisualStudioVersion = 10.0.40219.1
Project("{2150E333-8FDC-42A3-9474-1A3956D46DE8}") = "Data Mining", "Data Mining", "{E49BA0F3-9AEF-4D88-BBF4-5694CE7025A7}"
EndProject
Project("{159641D6-6404-4A2A-AE62-294DE0FE8301}") = "ETL", "ETL\ETL.dtproj", "{794AF6AB-0C02-47B6-B66D-CF8C8A2D5DA5}"
EndProject
Project("{159641D6-6404-4A2A-AE62-294DE0FE8301}") = "Docs", "Docs\Docs.dtproj", "{3E00F9CC-120F-4A81-A54E-E3AB87CC9B6E}"
EndProject
Global
	GlobalSection(SolutionConfigurationPlatforms) = preSolution
		Development|x86 = Development|x86
	EndGlobalSection
	GlobalSection(ProjectConfigurationPlatforms) = postSolution
		{794AF6AB-0C02-47B6-B66D-CF8C8A2D5DA5}.Development|x86.ActiveCfg = Development
		{794AF6AB-0C02-47B6-B66D-CF8C8A2D5DA5}.Development|x86.Build.0 = Development
		{3E00F9CC-120F-4A81-A54E-E3AB87CC9B6E}.Development|x86.ActiveCfg = Development
		{3E00F9CC-120F-4A81-A54E-E3AB87CC9B6E}.Development|x86.Build.0 = Development
	EndGlobalSection
	GlobalSection(SolutionProperties) = preSolution
		HideSolutionNode = FALSE
	EndGlobalSection
	GlobalSection(NestedProjects) = preSolution
		{794AF6AB-0C02-47B6-B66D-CF8C8A2D5DA5} = {E49BA0F3-9AEF-4D88-BBF4-5694CE7025A7}
		{3E00F9CC-120F-4A81-A54E-E3AB87CC9B6E} = {E49BA0F3-9AEF-4D88-BBF4-5694CE7025A7}
	EndGlobalSection
	GlobalSection(ExtensibilityGlobals) = postSolution
		SolutionGuid = {157F604E-B90C-4B2F-A3E5-DD0DB900040A}
	EndGlobalSection
	GlobalSection(TeamFoundationVersionControl) = preSolution
		SccNumberOfProjects = 3
		SccEnterpriseProvider = {4CA58AB2-18FA-4F8D-95D4-32DDF27D184C}
		SccTeamFoundationServer = http://vdesenv:8080/tfs/cieepr.bi
		SccLocalPath0 = .
		SccProjectUniqueName1 = ETL\\ETL.dtproj
		SccProjectTopLevelParentUniqueName1 = CIEEPRBI.sln
		SccProjectName1 = ETL
		SccLocalPath1 = ETL
		SccProjectUniqueName2 = Docs\\Docs.dtproj
		SccProjectTopLevelParentUniqueName2 = CIEEPRBI.sln
		SccProjectName2 = Docs
		SccLocalPath2 = Docs
	EndGlobalSection
EndGlobal
